// !$*UTF8*$!
{
	archiveVersion = 1;
	classes = {
	};
	objectVersion = 56;
	objects = {

/* Begin PBXBuildFile section */
		024BC4582B5EAB7E0098872D /* TraidingCardsv2App.swift in Sources */ = {isa = PBXBuildFile; fileRef = 024BC4572B5EAB7E0098872D /* TraidingCardsv2App.swift */; };
		024BC45A2B5EAB7E0098872D /* ContentView.swift in Sources */ = {isa = PBXBuildFile; fileRef = 024BC4592B5EAB7E0098872D /* ContentView.swift */; };
		024BC45C2B5EAB800098872D /* Assets.xcassets in Resources */ = {isa = PBXBuildFile; fileRef = 024BC45B2B5EAB800098872D /* Assets.xcassets */; };
		024BC45F2B5EAB800098872D /* Preview Assets.xcassets in Resources */ = {isa = PBXBuildFile; fileRef = 024BC45E2B5EAB800098872D /* Preview Assets.xcassets */; };
		024BC4672B5EAFB60098872D /* ListItemView.swift in Sources */ = {isa = PBXBuildFile; fileRef = 024BC4662B5EAFB60098872D /* ListItemView.swift */; };
		024BC46B2B5EB1330098872D /* ShoheiOhtaniView.swift in Sources */ = {isa = PBXBuildFile; fileRef = 024BC46A2B5EB1330098872D /* ShoheiOhtaniView.swift */; };
		02840F4D2B6447C0003C191F /* PlayerListView.swift in Sources */ = {isa = PBXBuildFile; fileRef = 02840F4C2B6447C0003C191F /* PlayerListView.swift */; };
/* End PBXBuildFile section */

/* Begin PBXFileReference section */
		024BC4542B5EAB7E0098872D /* TraidingCardsv2.app */ = {isa = PBXFileReference; explicitFileType = wrapper.application; includeInIndex = 0; path = TraidingCardsv2.app; sourceTree = BUILT_PRODUCTS_DIR; };
		024BC4572B5EAB7E0098872D /* TraidingCardsv2App.swift */ = {isa = PBXFileReference; lastKnownFileType = sourcecode.swift; path = TraidingCardsv2App.swift; sourceTree = "<group>"; };
		024BC4592B5EAB7E0098872D /* ContentView.swift */ = {isa = PBXFileReference; lastKnownFileType = sourcecode.swift; path = ContentView.swift; sourceTree = "<group>"; };
		024BC45B2B5EAB800098872D /* Assets.xcassets */ = {isa = PBXFileReference; lastKnownFileType = folder.assetcatalog; path = Assets.xcassets; sourceTree = "<group>"; };
		024BC45E2B5EAB800098872D /* Preview Assets.xcassets */ = {isa = PBXFileReference; lastKnownFileType = folder.assetcatalog; path = "Preview Assets.xcassets"; sourceTree = "<group>"; };
		024BC4662B5EAFB60098872D /* ListItemView.swift */ = {isa = PBXFileReference; lastKnownFileType = sourcecode.swift; path = ListItemView.swift; sourceTree = "<group>"; };
		024BC46A2B5EB1330098872D /* ShoheiOhtaniView.swift */ = {isa = PBXFileReference; lastKnownFileType = sourcecode.swift; path = ShoheiOhtaniView.swift; sourceTree = "<group>"; };
		02840F4C2B6447C0003C191F /* PlayerListView.swift */ = {isa = PBXFileReference; lastKnownFileType = sourcecode.swift; path = PlayerListView.swift; sourceTree = "<group>"; };
/* End PBXFileReference section */

/* Begin PBXFrameworksBuildPhase section */
		024BC4512B5EAB7E0098872D /* Frameworks */ = {
			isa = PBXFrameworksBuildPhase;
			buildActionMask = 2147483647;
			files = (
			);
			runOnlyForDeploymentPostprocessing = 0;
		};
/* End PBXFrameworksBuildPhase section */

/* Begin PBXGroup section */
		024BC44B2B5EAB7E0098872D = {
			isa = PBXGroup;
			children = (
				024BC4562B5EAB7E0098872D /* TraidingCardsv2 */,
				024BC4552B5EAB7E0098872D /* Products */,
			);
			sourceTree = "<group>";
		};
		024BC4552B5EAB7E0098872D /* Products */ = {
			isa = PBXGroup;
			children = (
				024BC4542B5EAB7E0098872D /* TraidingCardsv2.app */,
			);
			name = Products;
			sourceTree = "<group>";
		};
		024BC4562B5EAB7E0098872D /* TraidingCardsv2 */ = {
			isa = PBXGroup;
			children = (
				024BC4572B5EAB7E0098872D /* TraidingCardsv2App.swift */,
				024BC4592B5EAB7E0098872D /* ContentView.swift */,
				024BC4652B5EAEBA0098872D /* Helpers */,
				024BC4692B5EB0190098872D /* New Group */,
				024BC45B2B5EAB800098872D /* Assets.xcassets */,
				024BC45D2B5EAB800098872D /* Preview Content */,
			);
			path = TraidingCardsv2;
			sourceTree = "<group>";
		};
		024BC45D2B5EAB800098872D /* Preview Content */ = {
			isa = PBXGroup;
			children = (
				024BC45E2B5EAB800098872D /* Preview Assets.xcassets */,
			);
			path = "Preview Content";
			sourceTree = "<group>";
		};
		024BC4652B5EAEBA0098872D /* Helpers */ = {
			isa = PBXGroup;
			children = (
				024BC4662B5EAFB60098872D /* ListItemView.swift */,
				02840F4C2B6447C0003C191F /* PlayerListView.swift */,
				024BC46A2B5EB1330098872D /* ShoheiOhtaniView.swift */,
			);
			path = Helpers;
			sourceTree = "<group>";
		};
		024BC4692B5EB0190098872D /* New Group */ = {
			isa = PBXGroup;
			children = (
			);
			path = "New Group";
			sourceTree = "<group>";
		};
/* End PBXGroup section */

/* Begin PBXNativeTarget section */
		024BC4532B5EAB7E0098872D /* TraidingCardsv2 */ = {
			isa = PBXNativeTarget;
			buildConfigurationList = 024BC4622B5EAB800098872D /* Build configuration list for PBXNativeTarget "TraidingCardsv2" */;
			buildPhases = (
				024BC4502B5EAB7E0098872D /* Sources */,
				024BC4512B5EAB7E0098872D /* Frameworks */,
				024BC4522B5EAB7E0098872D /* Resources */,
			);
			buildRules = (
			);
			dependencies = (
			);
			name = TraidingCardsv2;
			productName = TraidingCardsv2;
			productReference = 024BC4542B5EAB7E0098872D /* TraidingCardsv2.app */;
			productType = "com.apple.product-type.application";
		};
/* End PBXNativeTarget section */

/* Begin PBXProject section */
		024BC44C2B5EAB7E0098872D /* Project object */ = {
			isa = PBXProject;
			attributes = {
				BuildIndependentTargetsInParallel = 1;
				LastSwiftUpdateCheck = 1520;
				LastUpgradeCheck = 1520;
				TargetAttributes = {
					024BC4532B5EAB7E0098872D = {
						CreatedOnToolsVersion = 15.2;
					};
				};
			};
			buildConfigurationList = 024BC44F2B5EAB7E0098872D /* Build configuration list for PBXProject "TraidingCardsv2" */;
			compatibilityVersion = "Xcode 14.0";
			developmentRegion = en;
			hasScannedForEncodings = 0;
			knownRegions = (
				en,
				Base,
			);
			mainGroup = 024BC44B2B5EAB7E0098872D;
			productRefGroup = 024BC4552B5EAB7E0098872D /* Products */;
			projectDirPath = "";
			projectRoot = "";
			targets = (
				024BC4532B5EAB7E0098872D /* TraidingCardsv2 */,
			);
		};
/* End PBXProject section */

/* Begin PBXResourcesBuildPhase section */
		024BC4522B5EAB7E0098872D /* Resources */ = {
			isa = PBXResourcesBuildPhase;
			buildActionMask = 2147483647;
			files = (
				024BC45F2B5EAB800098872D /* Preview Assets.xcassets in Resources */,
				024BC45C2B5EAB800098872D /* Assets.xcassets in Resources */,
			);
			runOnlyForDeploymentPostprocessing = 0;
		};
/* End PBXResourcesBuildPhase section */

/* Begin PBXSourcesBuildPhase section */
		024BC4502B5EAB7E0098872D /* Sources */ = {
			isa = PBXSourcesBuildPhase;
			buildActionMask = 2147483647;
			files = (
				02840F4D2B6447C0003C191F /* PlayerListView.swift in Sources */,
				024BC4672B5EAFB60098872D /* ListItemView.swift in Sources */,
				024BC45A2B5EAB7E0098872D /* ContentView.swift in Sources */,
				024BC4582B5EAB7E0098872D /* TraidingCardsv2App.swift in Sources */,
				024BC46B2B5EB1330098872D /* ShoheiOhtaniView.swift in Sources */,
			);
			runOnlyForDeploymentPostprocessing = 0;
		};
/* End PBXSourcesBuildPhase section */

/* Begin XCBuildConfiguration section */
		024BC4602B5EAB800098872D /* Debug */ = {
			isa = XCBuildConfiguration;
			buildSettings = {
				ALWAYS_SEARCH_USER_PATHS = NO;
				ASSETCATALOG_COMPILER_GENERATE_SWIFT_ASSET_SYMBOL_EXTENSIONS = YES;
				CLANG_ANALYZER_NONNULL = YES;
				CLANG_ANALYZER_NUMBER_OBJECT_CONVERSION = YES_AGGRESSIVE;
				CLANG_CXX_LANGUAGE_STANDARD = "gnu++20";
				CLANG_ENABLE_MODULES = YES;
				CLANG_ENABLE_OBJC_ARC = YES;
				CLANG_ENABLE_OBJC_WEAK = YES;
				CLANG_WARN_BLOCK_CAPTURE_AUTORELEASING = YES;
				CLANG_WARN_BOOL_CONVERSION = YES;
				CLANG_WARN_COMMA = YES;
				CLANG_WARN_CONSTANT_CONVERSION = YES;
				CLANG_WARN_DEPRECATED_OBJC_IMPLEMENTATIONS = YES;
				CLANG_WARN_DIRECT_OBJC_ISA_USAGE = YES_ERROR;
				CLANG_WARN_DOCUMENTATION_COMMENTS = YES;
				CLANG_WARN_EMPTY_BODY = YES;
				CLANG_WARN_ENUM_CONVERSION = YES;
				CLANG_WARN_INFINITE_RECURSION = YES;
				CLANG_WARN_INT_CONVERSION = YES;
				CLANG_WARN_NON_LITERAL_NULL_CONVERSION = YES;
				CLANG_WARN_OBJC_IMPLICIT_RETAIN_SELF = YES;
				CLANG_WARN_OBJC_LITERAL_CONVERSION = YES;
				CLANG_WARN_OBJC_ROOT_CLASS = YES_ERROR;
				CLANG_WARN_QUOTED_INCLUDE_IN_FRAMEWORK_HEADER = YES;
				CLANG_WARN_RANGE_LOOP_ANALYSIS = YES;
				CLANG_WARN_STRICT_PROTOTYPES = YES;
				CLANG_WARN_SUSPICIOUS_MOVE = YES;
				CLANG_WARN_UNGUARDED_AVAILABILITY = YES_AGGRESSIVE;
				CLANG_WARN_UNREACHABLE_CODE = YES;
				CLANG_WARN__DUPLICATE_METHOD_MATCH = YES;
				COPY_PHASE_STRIP = NO;
				DEBUG_INFORMATION_FORMAT = dwarf;
				ENABLE_STRICT_OBJC_MSGSEND = YES;
				ENABLE_TESTABILITY = YES;
				ENABLE_USER_SCRIPT_SANDBOXING = YES;
				GCC_C_LANGUAGE_STANDARD = gnu17;
				GCC_DYNAMIC_NO_PIC = NO;
				GCC_NO_COMMON_BLOCKS = YES;
				GCC_OPTIMIZATION_LEVEL = 0;
				GCC_PREPROCESSOR_DEFINITIONS = (
					"DEBUG=1",
					"$(inherited)",
				);
				GCC_WARN_64_TO_32_BIT_CONVERSION = YES;
				GCC_WARN_ABOUT_RETURN_TYPE = YES_ERROR;
				GCC_WARN_UNDECLARED_SELECTOR = YES;
				GCC_WARN_UNINITIALIZED_AUTOS = YES_AGGRESSIVE;
				GCC_WARN_UNUSED_FUNCTION = YES;
				GCC_WARN_UNUSED_VARIABLE = YES;
				IPHONEOS_DEPLOYMENT_TARGET = 17.2;
				LOCALIZATION_PREFERS_STRING_CATALOGS = YES;
				MTL_ENABLE_DEBUG_INFO = INCLUDE_SOURCE;
				MTL_FAST_MATH = YES;
				ONLY_ACTIVE_ARCH = YES;
				SDKROOT = iphoneos;
				SWIFT_ACTIVE_COMPILATION_CONDITIONS = "DEBUG $(inherited)";
				SWIFT_OPTIMIZATION_LEVEL = "-Onone";
			};
			name = Debug;
		};
		024BC4612B5EAB800098872D /* Release */ = {
			isa = XCBuildConfiguration;
			buildSettings = {
				ALWAYS_SEARCH_USER_PATHS = NO;
				ASSETCATALOG_COMPILER_GENERATE_SWIFT_ASSET_SYMBOL_EXTENSIONS = YES;
				CLANG_ANALYZER_NONNULL = YES;
				CLANG_ANALYZER_NUMBER_OBJECT_CONVERSION = YES_AGGRESSIVE;
				CLANG_CXX_LANGUAGE_STANDARD = "gnu++20";
				CLANG_ENABLE_MODULES = YES;
				CLANG_ENABLE_OBJC_ARC = YES;
				CLANG_ENABLE_OBJC_WEAK = YES;
				CLANG_WARN_BLOCK_CAPTURE_AUTORELEASING = YES;
				CLANG_WARN_BOOL_CONVERSION = YES;
				CLANG_WARN_COMMA = YES;
				CLANG_WARN_CONSTANT_CONVERSION = YES;
				CLANG_WARN_DEPRECATED_OBJC_IMPLEMENTATIONS = YES;
				CLANG_WARN_DIRECT_OBJC_ISA_USAGE = YES_ERROR;
				CLANG_WARN_DOCUMENTATION_COMMENTS = YES;
				CLANG_WARN_EMPTY_BODY = YES;
				CLANG_WARN_ENUM_CONVERSION = YES;
				CLANG_WARN_INFINITE_RECURSION = YES;
				CLANG_WARN_INT_CONVERSION = YES;
				CLANG_WARN_NON_LITERAL_NULL_CONVERSION = YES;
				CLANG_WARN_OBJC_IMPLICIT_RETAIN_SELF = YES;
				CLANG_WARN_OBJC_LITERAL_CONVERSION = YES;
				CLANG_WARN_OBJC_ROOT_CLASS = YES_ERROR;
				CLANG_WARN_QUOTED_INCLUDE_IN_FRAMEWORK_HEADER = YES;
				CLANG_WARN_RANGE_LOOP_ANALYSIS = YES;
				CLANG_WARN_STRICT_PROTOTYPES = YES;
				CLANG_WARN_SUSPICIOUS_MOVE = YES;
				CLANG_WARN_UNGUARDED_AVAILABILITY = YES_AGGRESSIVE;
				CLANG_WARN_UNREACHABLE_CODE = YES;
				CLANG_WARN__DUPLICATE_METHOD_MATCH = YES;
				COPY_PHASE_STRIP = NO;
				DEBUG_INFORMATION_FORMAT = "dwarf-with-dsym";
				ENABLE_NS_ASSERTIONS = NO;
				ENABLE_STRICT_OBJC_MSGSEND = YES;
				ENABLE_USER_SCRIPT_SANDBOXING = YES;
				GCC_C_LANGUAGE_STANDARD = gnu17;
				GCC_NO_COMMON_BLOCKS = YES;
				GCC_WARN_64_TO_32_BIT_CONVERSION = YES;
				GCC_WARN_ABOUT_RETURN_TYPE = YES_ERROR;
				GCC_WARN_UNDECLARED_SELECTOR = YES;
				GCC_WARN_UNINITIALIZED_AUTOS = YES_AGGRESSIVE;
				GCC_WARN_UNUSED_FUNCTION = YES;
				GCC_WARN_UNUSED_VARIABLE = YES;
				IPHONEOS_DEPLOYMENT_TARGET = 17.2;
				LOCALIZATION_PREFERS_STRING_CATALOGS = YES;
				MTL_ENABLE_DEBUG_INFO = NO;
				MTL_FAST_MATH = YES;
				SDKROOT = iphoneos;
				SWIFT_COMPILATION_MODE = wholemodule;
				VALIDATE_PRODUCT = YES;
			};
			name = Release;
		};
		024BC4632B5EAB800098872D /* Debug */ = {
			isa = XCBuildConfiguration;
			buildSettings = {
				ASSETCATALOG_COMPILER_APPICON_NAME = AppIcon;
				ASSETCATALOG_COMPILER_GLOBAL_ACCENT_COLOR_NAME = AccentColor;
				CODE_SIGN_STYLE = Automatic;
				CURRENT_PROJECT_VERSION = 1;
				DEVELOPMENT_ASSET_PATHS = "\"TraidingCardsv2/Preview Content\"";
				DEVELOPMENT_TEAM = 7CAJ3VA6QP;
				ENABLE_PREVIEWS = YES;
				GENERATE_INFOPLIST_FILE = YES;
				INFOPLIST_KEY_UIApplicationSceneManifest_Generation = YES;
				INFOPLIST_KEY_UIApplicationSupportsIndirectInputEvents = YES;
				INFOPLIST_KEY_UILaunchScreen_Generation = YES;
				INFOPLIST_KEY_UISupportedInterfaceOrientations_iPad = "UIInterfaceOrientationPortrait UIInterfaceOrientationPortraitUpsideDown UIInterfaceOrientationLandscapeLeft UIInterfaceOrientationLandscapeRight";
				INFOPLIST_KEY_UISupportedInterfaceOrientations_iPhone = "UIInterfaceOrientationPortrait UIInterfaceOrientationLandscapeLeft UIInterfaceOrientationLandscapeRight";
				LD_RUNPATH_SEARCH_PATHS = (
					"$(inherited)",
					"@executable_path/Frameworks",
				);
				MARKETING_VERSION = 1.0;
				PRODUCT_BUNDLE_IDENTIFIER = lcs.yoshimiyakawa.TraidingCardsv2;
				PRODUCT_NAME = "$(TARGET_NAME)";
				SWIFT_EMIT_LOC_STRINGS = YES;
				SWIFT_VERSION = 5.0;
				TARGETED_DEVICE_FAMILY = "1,2";
			};
			name = Debug;
		};
		024BC4642B5EAB800098872D /* Release */ = {
			isa = XCBuildConfiguration;
			buildSettings = {
				ASSETCATALOG_COMPILER_APPICON_NAME = AppIcon;
				ASSETCATALOG_COMPILER_GLOBAL_ACCENT_COLOR_NAME = AccentColor;
				CODE_SIGN_STYLE = Automatic;
				CURRENT_PROJECT_VERSION = 1;
				DEVELOPMENT_ASSET_PATHS = "\"TraidingCardsv2/Preview Content\"";
				DEVELOPMENT_TEAM = 7CAJ3VA6QP;
				ENABLE_PREVIEWS = YES;
				GENERATE_INFOPLIST_FILE = YES;
				INFOPLIST_KEY_UIApplicationSceneManifest_Generation = YES;
				INFOPLIST_KEY_UIApplicationSupportsIndirectInputEvents = YES;
				INFOPLIST_KEY_UILaunchScreen_Generation = YES;
				INFOPLIST_KEY_UISupportedInterfaceOrientations_iPad = "UIInterfaceOrientationPortrait UIInterfaceOrientationPortraitUpsideDown UIInterfaceOrientationLandscapeLeft UIInterfaceOrientationLandscapeRight";
				INFOPLIST_KEY_UISupportedInterfaceOrientations_iPhone = "UIInterfaceOrientationPortrait UIInterfaceOrientationLandscapeLeft UIInterfaceOrientationLandscapeRight";
				LD_RUNPATH_SEARCH_PATHS = (
					"$(inherited)",
					"@executable_path/Frameworks",
				);
				MARKETING_VERSION = 1.0;
				PRODUCT_BUNDLE_IDENTIFIER = lcs.yoshimiyakawa.TraidingCardsv2;
				PRODUCT_NAME = "$(TARGET_NAME)";
				SWIFT_EMIT_LOC_STRINGS = YES;
				SWIFT_VERSION = 5.0;
				TARGETED_DEVICE_FAMILY = "1,2";
			};
			name = Release;
		};
/* End XCBuildConfiguration section */

/* Begin XCConfigurationList section */
		024BC44F2B5EAB7E0098872D /* Build configuration list for PBXProject "TraidingCardsv2" */ = {
			isa = XCConfigurationList;
			buildConfigurations = (
				024BC4602B5EAB800098872D /* Debug */,
				024BC4612B5EAB800098872D /* Release */,
			);
			defaultConfigurationIsVisible = 0;
			defaultConfigurationName = Release;
		};
		024BC4622B5EAB800098872D /* Build configuration list for PBXNativeTarget "TraidingCardsv2" */ = {
			isa = XCConfigurationList;
			buildConfigurations = (
				024BC4632B5EAB800098872D /* Debug */,
				024BC4642B5EAB800098872D /* Release */,
			);
			defaultConfigurationIsVisible = 0;
			defaultConfigurationName = Release;
		};
/* End XCConfigurationList section */
	};
	rootObject = 024BC44C2B5EAB7E0098872D /* Project object */;
}
